
Microsoft Visual Studio Solution File, Format Version 12.00
# Visual Studio 15
Project("{FAE04EC0-301F-11D3-BF4B-00C04F79EFBC}") = "Assembly-CSharp", "Assembly-CSharp.csproj", "{FA7F6ED6-CBD8-0035-C50F-6272027606C2}"
EndProject
Project("{FAE04EC0-301F-11D3-BF4B-00C04F79EFBC}") = "Assembly-CSharp-Editor", "Assembly-CSharp-Editor.csproj", "{7B7CD577-8464-8977-0A9D-D2B4C4D62832}"
EndProject
Global
	GlobalSection(SolutionConfigurationPlatforms) = preSolution
		Debug|Any CPU = Debug|Any CPU
		Release|Any CPU = Release|Any CPU
	EndGlobalSection
	GlobalSection(ProjectConfigurationPlatforms) = postSolution
		{FA7F6ED6-CBD8-0035-C50F-6272027606C2}.Debug|Any CPU.ActiveCfg = Debug|Any CPU
		{FA7F6ED6-CBD8-0035-C50F-6272027606C2}.Debug|Any CPU.Build.0 = Debug|Any CPU
		{FA7F6ED6-CBD8-0035-C50F-6272027606C2}.Release|Any CPU.ActiveCfg = Release|Any CPU
		{FA7F6ED6-CBD8-0035-C50F-6272027606C2}.Release|Any CPU.Build.0 = Release|Any CPU
		{7B7CD577-8464-8977-0A9D-D2B4C4D62832}.Debug|Any CPU.ActiveCfg = Debug|Any CPU
		{7B7CD577-8464-8977-0A9D-D2B4C4D62832}.Debug|Any CPU.Build.0 = Debug|Any CPU
		{7B7CD577-8464-8977-0A9D-D2B4C4D62832}.Release|Any CPU.ActiveCfg = Release|Any CPU
		{7B7CD577-8464-8977-0A9D-D2B4C4D62832}.Release|Any CPU.Build.0 = Release|Any CPU
	EndGlobalSection
	GlobalSection(SolutionProperties) = preSolution
		HideSolutionNode = FALSE
	EndGlobalSection
	GlobalSection(MonoDevelopProperties) = preSolution
		StartupItem = Assembly-CSharp.csproj
	EndGlobalSection
EndGlobal
